
Microsoft Visual Studio Solution File, Format Version 12.00
# Visual Studio Version 17
VisualStudioVersion = 17.13.35818.85
MinimumVisualStudioVersion = 10.0.40219.1
Project("{9A19103F-16F7-4668-BE54-9A1E7A4F7556}") = "BMTH Application (back end)", "BMTH Application (back end)\BMTH Application (back end).csproj", "{AAAAAEAE-E8C1-4D66-A33D-C5872DA2C296}"
EndProject
Project("{9A19103F-16F7-4668-BE54-9A1E7A4F7556}") = "Contracts", "Contracts\Contracts.csproj", "{CF002C1E-528B-485D-BD4B-E0FABEFAC933}"
EndProject
Project("{9A19103F-16F7-4668-BE54-9A1E7A4F7556}") = "DataLayer", "DataLayer\DataLayer.csproj", "{7B617F00-BD9E-45DD-A594-F3EE07E6E79C}"
EndProject
Project("{9A19103F-16F7-4668-BE54-9A1E7A4F7556}") = "BusinessLayer", "BusinessLayer\BusinessLayer.csproj", "{965F8A97-9F5C-4E86-8BE4-E0BE7D4FF92F}"
EndProject
Project("{9A19103F-16F7-4668-BE54-9A1E7A4F7556}") = "Domain", "Domain\Domain.csproj", "{65761BAD-772F-43CB-9BEB-4C028628C5A2}"
EndProject
Global
	GlobalSection(SolutionConfigurationPlatforms) = preSolution
		Debug|Any CPU = Debug|Any CPU
		Release|Any CPU = Release|Any CPU
	EndGlobalSection
	GlobalSection(ProjectConfigurationPlatforms) = postSolution
		{AAAAAEAE-E8C1-4D66-A33D-C5872DA2C296}.Debug|Any CPU.ActiveCfg = Debug|Any CPU
		{AAAAAEAE-E8C1-4D66-A33D-C5872DA2C296}.Debug|Any CPU.Build.0 = Debug|Any CPU
		{AAAAAEAE-E8C1-4D66-A33D-C5872DA2C296}.Release|Any CPU.ActiveCfg = Release|Any CPU
		{AAAAAEAE-E8C1-4D66-A33D-C5872DA2C296}.Release|Any CPU.Build.0 = Release|Any CPU
		{CF002C1E-528B-485D-BD4B-E0FABEFAC933}.Debug|Any CPU.ActiveCfg = Debug|Any CPU
		{CF002C1E-528B-485D-BD4B-E0FABEFAC933}.Debug|Any CPU.Build.0 = Debug|Any CPU
		{CF002C1E-528B-485D-BD4B-E0FABEFAC933}.Release|Any CPU.ActiveCfg = Release|Any CPU
		{CF002C1E-528B-485D-BD4B-E0FABEFAC933}.Release|Any CPU.Build.0 = Release|Any CPU
		{7B617F00-BD9E-45DD-A594-F3EE07E6E79C}.Debug|Any CPU.ActiveCfg = Debug|Any CPU
		{7B617F00-BD9E-45DD-A594-F3EE07E6E79C}.Debug|Any CPU.Build.0 = Debug|Any CPU
		{7B617F00-BD9E-45DD-A594-F3EE07E6E79C}.Release|Any CPU.ActiveCfg = Release|Any CPU
		{7B617F00-BD9E-45DD-A594-F3EE07E6E79C}.Release|Any CPU.Build.0 = Release|Any CPU
		{965F8A97-9F5C-4E86-8BE4-E0BE7D4FF92F}.Debug|Any CPU.ActiveCfg = Debug|Any CPU
		{965F8A97-9F5C-4E86-8BE4-E0BE7D4FF92F}.Debug|Any CPU.Build.0 = Debug|Any CPU
		{965F8A97-9F5C-4E86-8BE4-E0BE7D4FF92F}.Release|Any CPU.ActiveCfg = Release|Any CPU
		{965F8A97-9F5C-4E86-8BE4-E0BE7D4FF92F}.Release|Any CPU.Build.0 = Release|Any CPU
		{65761BAD-772F-43CB-9BEB-4C028628C5A2}.Debug|Any CPU.ActiveCfg = Debug|Any CPU
		{65761BAD-772F-43CB-9BEB-4C028628C5A2}.Debug|Any CPU.Build.0 = Debug|Any CPU
		{65761BAD-772F-43CB-9BEB-4C028628C5A2}.Release|Any CPU.ActiveCfg = Release|Any CPU
		{65761BAD-772F-43CB-9BEB-4C028628C5A2}.Release|Any CPU.Build.0 = Release|Any CPU
	EndGlobalSection
	GlobalSection(SolutionProperties) = preSolution
		HideSolutionNode = FALSE
	EndGlobalSection
	GlobalSection(ExtensibilityGlobals) = postSolution
		SolutionGuid = {F564905C-64E5-4536-8CD7-DBFF4F9FDB89}
	EndGlobalSection
EndGlobal
